// !$*UTF8*$!
{
	archiveVersion = 1;
	classes = {
	};
	objectVersion = 46;
	objects = {

/* Begin PBXBuildFile section */
		3471AD1416154D898A53D772 /* libPods-papertronTests.a in Frameworks */ = {isa = PBXBuildFile; fileRef = 616FCEC294634EA48B2F5240 /* libPods-papertronTests.a */; };
		4996C2F11A0119DA00EAD12F /* NotificationCenter.framework in Frameworks */ = {isa = PBXBuildFile; fileRef = 4996C2F01A0119DA00EAD12F /* NotificationCenter.framework */; };
		4996C2F61A0119DA00EAD12F /* TodayViewController.swift in Sources */ = {isa = PBXBuildFile; fileRef = 4996C2F51A0119DA00EAD12F /* TodayViewController.swift */; };
		4996C2F81A0119DA00EAD12F /* MainInterface.storyboard in Resources */ = {isa = PBXBuildFile; fileRef = 4996C2F71A0119DA00EAD12F /* MainInterface.storyboard */; };
		4996C2FB1A0119DA00EAD12F /* PapertronToday.appex in Embed App Extensions */ = {isa = PBXBuildFile; fileRef = 4996C2EF1A0119DA00EAD12F /* PapertronToday.appex */; settings = {ATTRIBUTES = (RemoveHeadersOnCopy, ); }; };
		B94F2DD61A4B29BD00B88815 /* parseData.plist in Resources */ = {isa = PBXBuildFile; fileRef = B94F2DD51A4B29BD00B88815 /* parseData.plist */; };
		B980C0FF19FE4D2A004D6FB9 /* AppDelegate.swift in Sources */ = {isa = PBXBuildFile; fileRef = B980C0FE19FE4D2A004D6FB9 /* AppDelegate.swift */; };
		B980C10119FE4D2A004D6FB9 /* ViewController.swift in Sources */ = {isa = PBXBuildFile; fileRef = B980C10019FE4D2A004D6FB9 /* ViewController.swift */; };
		B980C10419FE4D2A004D6FB9 /* Main.storyboard in Resources */ = {isa = PBXBuildFile; fileRef = B980C10219FE4D2A004D6FB9 /* Main.storyboard */; };
		B980C10619FE4D2A004D6FB9 /* Images.xcassets in Resources */ = {isa = PBXBuildFile; fileRef = B980C10519FE4D2A004D6FB9 /* Images.xcassets */; };
		B980C10919FE4D2A004D6FB9 /* LaunchScreen.xib in Resources */ = {isa = PBXBuildFile; fileRef = B980C10719FE4D2A004D6FB9 /* LaunchScreen.xib */; };
		B980C11519FE4D2A004D6FB9 /* papertronTests.swift in Sources */ = {isa = PBXBuildFile; fileRef = B980C11419FE4D2A004D6FB9 /* papertronTests.swift */; };
		B9EFA0DE1A4B3FD500AD53FE /* UserCheckTabBarController.swift in Sources */ = {isa = PBXBuildFile; fileRef = B9EFA0DD1A4B3FD500AD53FE /* UserCheckTabBarController.swift */; };
		B9EFA0E01A4B537000AD53FE /* UserViewController.swift in Sources */ = {isa = PBXBuildFile; fileRef = B9EFA0DF1A4B537000AD53FE /* UserViewController.swift */; };
		B9EFA0E21A4B693700AD53FE /* SettingsViewController.swift in Sources */ = {isa = PBXBuildFile; fileRef = B9EFA0E11A4B693700AD53FE /* SettingsViewController.swift */; };
		B9EFA0E41A4B832A00AD53FE /* newPaperViewController.swift in Sources */ = {isa = PBXBuildFile; fileRef = B9EFA0E31A4B832A00AD53FE /* newPaperViewController.swift */; };
		B9EFA0E91A4B916200AD53FE /* HomeStatusViewController.swift in Sources */ = {isa = PBXBuildFile; fileRef = B9EFA0E81A4B916200AD53FE /* HomeStatusViewController.swift */; };
		B9EFA0EB1A4B9E4300AD53FE /* PaperDetailsViewController.swift in Sources */ = {isa = PBXBuildFile; fileRef = B9EFA0EA1A4B9E4200AD53FE /* PaperDetailsViewController.swift */; };
		ECA61D8B9AC842C1AA179ED4 /* libPods-PapertronToday.a in Frameworks */ = {isa = PBXBuildFile; fileRef = 3A10A4BD2E0E44B087E5B2ED /* libPods-PapertronToday.a */; };
		FD3C5960ECE44BBDBB04FC9A /* libPods-papertron.a in Frameworks */ = {isa = PBXBuildFile; fileRef = F59E5840E82945EBB2CC55A7 /* libPods-papertron.a */; };
/* End PBXBuildFile section */

/* Begin PBXContainerItemProxy section */
		4996C2F91A0119DA00EAD12F /* PBXContainerItemProxy */ = {
			isa = PBXContainerItemProxy;
			containerPortal = B980C0F119FE4D2A004D6FB9 /* Project object */;
			proxyType = 1;
			remoteGlobalIDString = 4996C2EE1A0119DA00EAD12F;
			remoteInfo = PapertronToday;
		};
		B980C10F19FE4D2A004D6FB9 /* PBXContainerItemProxy */ = {
			isa = PBXContainerItemProxy;
			containerPortal = B980C0F119FE4D2A004D6FB9 /* Project object */;
			proxyType = 1;
			remoteGlobalIDString = B980C0F819FE4D2A004D6FB9;
			remoteInfo = papertron;
		};
/* End PBXContainerItemProxy section */

/* Begin PBXCopyFilesBuildPhase section */
		49E773E819FFA7BA000171DA /* Embed App Extensions */ = {
			isa = PBXCopyFilesBuildPhase;
			buildActionMask = 2147483647;
			dstPath = "";
			dstSubfolderSpec = 13;
			files = (
				4996C2FB1A0119DA00EAD12F /* PapertronToday.appex in Embed App Extensions */,
			);
			name = "Embed App Extensions";
			runOnlyForDeploymentPostprocessing = 0;
		};
/* End PBXCopyFilesBuildPhase section */

/* Begin PBXFileReference section */
		1477BABBF01614706C0F8048 /* Pods-papertronTests.debug.xcconfig */ = {isa = PBXFileReference; includeInIndex = 1; lastKnownFileType = text.xcconfig; name = "Pods-papertronTests.debug.xcconfig"; path = "Pods/Target Support Files/Pods-papertronTests/Pods-papertronTests.debug.xcconfig"; sourceTree = "<group>"; };
		2BAE759907240054CD144355 /* Pods-papertron.debug.xcconfig */ = {isa = PBXFileReference; includeInIndex = 1; lastKnownFileType = text.xcconfig; name = "Pods-papertron.debug.xcconfig"; path = "Pods/Target Support Files/Pods-papertron/Pods-papertron.debug.xcconfig"; sourceTree = "<group>"; };
		2D6CAD125F45795987252D1E /* Pods-papertronTests.release.xcconfig */ = {isa = PBXFileReference; includeInIndex = 1; lastKnownFileType = text.xcconfig; name = "Pods-papertronTests.release.xcconfig"; path = "Pods/Target Support Files/Pods-papertronTests/Pods-papertronTests.release.xcconfig"; sourceTree = "<group>"; };
		3A10A4BD2E0E44B087E5B2ED /* libPods-PapertronToday.a */ = {isa = PBXFileReference; explicitFileType = archive.ar; includeInIndex = 0; path = "libPods-PapertronToday.a"; sourceTree = BUILT_PRODUCTS_DIR; };
		4996C2EF1A0119DA00EAD12F /* PapertronToday.appex */ = {isa = PBXFileReference; explicitFileType = "wrapper.app-extension"; includeInIndex = 0; path = PapertronToday.appex; sourceTree = BUILT_PRODUCTS_DIR; };
		4996C2F01A0119DA00EAD12F /* NotificationCenter.framework */ = {isa = PBXFileReference; lastKnownFileType = wrapper.framework; name = NotificationCenter.framework; path = System/Library/Frameworks/NotificationCenter.framework; sourceTree = SDKROOT; };
		4996C2F41A0119DA00EAD12F /* Info.plist */ = {isa = PBXFileReference; lastKnownFileType = text.plist.xml; path = Info.plist; sourceTree = "<group>"; };
		4996C2F51A0119DA00EAD12F /* TodayViewController.swift */ = {isa = PBXFileReference; lastKnownFileType = sourcecode.swift; path = TodayViewController.swift; sourceTree = "<group>"; };
		4996C2F71A0119DA00EAD12F /* MainInterface.storyboard */ = {isa = PBXFileReference; lastKnownFileType = file.storyboard; path = MainInterface.storyboard; sourceTree = "<group>"; };
		616FCEC294634EA48B2F5240 /* libPods-papertronTests.a */ = {isa = PBXFileReference; explicitFileType = archive.ar; includeInIndex = 0; path = "libPods-papertronTests.a"; sourceTree = BUILT_PRODUCTS_DIR; };
		8B145D2B408AB329FABB661D /* Pods-PapertronToday.debug.xcconfig */ = {isa = PBXFileReference; includeInIndex = 1; lastKnownFileType = text.xcconfig; name = "Pods-PapertronToday.debug.xcconfig"; path = "Pods/Target Support Files/Pods-PapertronToday/Pods-PapertronToday.debug.xcconfig"; sourceTree = "<group>"; };
		8D01200CFAE663EABE86216B /* Pods-PapertronToday.release.xcconfig */ = {isa = PBXFileReference; includeInIndex = 1; lastKnownFileType = text.xcconfig; name = "Pods-PapertronToday.release.xcconfig"; path = "Pods/Target Support Files/Pods-PapertronToday/Pods-PapertronToday.release.xcconfig"; sourceTree = "<group>"; };
		A2D3511E3CD816ED428B84EF /* Pods-papertron.release.xcconfig */ = {isa = PBXFileReference; includeInIndex = 1; lastKnownFileType = text.xcconfig; name = "Pods-papertron.release.xcconfig"; path = "Pods/Target Support Files/Pods-papertron/Pods-papertron.release.xcconfig"; sourceTree = "<group>"; };
		B94F2DD51A4B29BD00B88815 /* parseData.plist */ = {isa = PBXFileReference; fileEncoding = 4; lastKnownFileType = text.plist.xml; path = parseData.plist; sourceTree = "<group>"; };
		B980C0F919FE4D2A004D6FB9 /* papertron.app */ = {isa = PBXFileReference; explicitFileType = wrapper.application; includeInIndex = 0; path = papertron.app; sourceTree = BUILT_PRODUCTS_DIR; };
		B980C0FD19FE4D2A004D6FB9 /* Info.plist */ = {isa = PBXFileReference; lastKnownFileType = text.plist.xml; path = Info.plist; sourceTree = "<group>"; };
		B980C0FE19FE4D2A004D6FB9 /* AppDelegate.swift */ = {isa = PBXFileReference; lastKnownFileType = sourcecode.swift; path = AppDelegate.swift; sourceTree = "<group>"; };
		B980C10019FE4D2A004D6FB9 /* ViewController.swift */ = {isa = PBXFileReference; lastKnownFileType = sourcecode.swift; path = ViewController.swift; sourceTree = "<group>"; };
		B980C10319FE4D2A004D6FB9 /* Base */ = {isa = PBXFileReference; lastKnownFileType = file.storyboard; name = Base; path = Base.lproj/Main.storyboard; sourceTree = "<group>"; };
		B980C10519FE4D2A004D6FB9 /* Images.xcassets */ = {isa = PBXFileReference; lastKnownFileType = folder.assetcatalog; path = Images.xcassets; sourceTree = "<group>"; };
		B980C10819FE4D2A004D6FB9 /* Base */ = {isa = PBXFileReference; lastKnownFileType = file.xib; name = Base; path = Base.lproj/LaunchScreen.xib; sourceTree = "<group>"; };
		B980C10E19FE4D2A004D6FB9 /* papertronTests.xctest */ = {isa = PBXFileReference; explicitFileType = wrapper.cfbundle; includeInIndex = 0; path = papertronTests.xctest; sourceTree = BUILT_PRODUCTS_DIR; };
		B980C11319FE4D2A004D6FB9 /* Info.plist */ = {isa = PBXFileReference; lastKnownFileType = text.plist.xml; path = Info.plist; sourceTree = "<group>"; };
		B980C11419FE4D2A004D6FB9 /* papertronTests.swift */ = {isa = PBXFileReference; lastKnownFileType = sourcecode.swift; path = papertronTests.swift; sourceTree = "<group>"; };
		B99111CC19FEF36B00C734E0 /* papertron-Bridging-Header.h */ = {isa = PBXFileReference; lastKnownFileType = sourcecode.c.h; path = "papertron-Bridging-Header.h"; sourceTree = "<group>"; };
		B9EFA0DD1A4B3FD500AD53FE /* UserCheckTabBarController.swift */ = {isa = PBXFileReference; fileEncoding = 4; lastKnownFileType = sourcecode.swift; path = UserCheckTabBarController.swift; sourceTree = "<group>"; };
		B9EFA0DF1A4B537000AD53FE /* UserViewController.swift */ = {isa = PBXFileReference; fileEncoding = 4; lastKnownFileType = sourcecode.swift; path = UserViewController.swift; sourceTree = "<group>"; };
		B9EFA0E11A4B693700AD53FE /* SettingsViewController.swift */ = {isa = PBXFileReference; fileEncoding = 4; lastKnownFileType = sourcecode.swift; path = SettingsViewController.swift; sourceTree = "<group>"; };
		B9EFA0E31A4B832A00AD53FE /* newPaperViewController.swift */ = {isa = PBXFileReference; fileEncoding = 4; lastKnownFileType = sourcecode.swift; path = newPaperViewController.swift; sourceTree = "<group>"; };
		B9EFA0E81A4B916200AD53FE /* HomeStatusViewController.swift */ = {isa = PBXFileReference; fileEncoding = 4; lastKnownFileType = sourcecode.swift; path = HomeStatusViewController.swift; sourceTree = "<group>"; };
		B9EFA0EA1A4B9E4200AD53FE /* PaperDetailsViewController.swift */ = {isa = PBXFileReference; fileEncoding = 4; lastKnownFileType = sourcecode.swift; path = PaperDetailsViewController.swift; sourceTree = "<group>"; };
		C0C8D225DEF64DAC98C78FF4 /* libPods-papertronToday.a */ = {isa = PBXFileReference; explicitFileType = archive.ar; includeInIndex = 0; path = "libPods-papertronToday.a"; sourceTree = BUILT_PRODUCTS_DIR; };
		F59E5840E82945EBB2CC55A7 /* libPods-papertron.a */ = {isa = PBXFileReference; explicitFileType = archive.ar; includeInIndex = 0; path = "libPods-papertron.a"; sourceTree = BUILT_PRODUCTS_DIR; };
/* End PBXFileReference section */

/* Begin PBXFrameworksBuildPhase section */
		4996C2EC1A0119DA00EAD12F /* Frameworks */ = {
			isa = PBXFrameworksBuildPhase;
			buildActionMask = 2147483647;
			files = (
				4996C2F11A0119DA00EAD12F /* NotificationCenter.framework in Frameworks */,
				ECA61D8B9AC842C1AA179ED4 /* libPods-PapertronToday.a in Frameworks */,
			);
			runOnlyForDeploymentPostprocessing = 0;
		};
		B980C0F619FE4D2A004D6FB9 /* Frameworks */ = {
			isa = PBXFrameworksBuildPhase;
			buildActionMask = 2147483647;
			files = (
				FD3C5960ECE44BBDBB04FC9A /* libPods-papertron.a in Frameworks */,
			);
			runOnlyForDeploymentPostprocessing = 0;
		};
		B980C10B19FE4D2A004D6FB9 /* Frameworks */ = {
			isa = PBXFrameworksBuildPhase;
			buildActionMask = 2147483647;
			files = (
				3471AD1416154D898A53D772 /* libPods-papertronTests.a in Frameworks */,
			);
			runOnlyForDeploymentPostprocessing = 0;
		};
/* End PBXFrameworksBuildPhase section */

/* Begin PBXGroup section */
		4996C2F21A0119DA00EAD12F /* PapertronToday */ = {
			isa = PBXGroup;
			children = (
				4996C2F51A0119DA00EAD12F /* TodayViewController.swift */,
				4996C2F71A0119DA00EAD12F /* MainInterface.storyboard */,
				4996C2F31A0119DA00EAD12F /* Supporting Files */,
			);
			path = PapertronToday;
			sourceTree = "<group>";
		};
		4996C2F31A0119DA00EAD12F /* Supporting Files */ = {
			isa = PBXGroup;
			children = (
				4996C2F41A0119DA00EAD12F /* Info.plist */,
			);
			name = "Supporting Files";
			sourceTree = "<group>";
		};
		4FAD84AFCBA7EF380A405BC0 /* Pods */ = {
			isa = PBXGroup;
			children = (
				8B145D2B408AB329FABB661D /* Pods-PapertronToday.debug.xcconfig */,
				8D01200CFAE663EABE86216B /* Pods-PapertronToday.release.xcconfig */,
				2BAE759907240054CD144355 /* Pods-papertron.debug.xcconfig */,
				A2D3511E3CD816ED428B84EF /* Pods-papertron.release.xcconfig */,
				1477BABBF01614706C0F8048 /* Pods-papertronTests.debug.xcconfig */,
				2D6CAD125F45795987252D1E /* Pods-papertronTests.release.xcconfig */,
			);
			name = Pods;
			sourceTree = "<group>";
		};
		B9449A6319FEED9F008E334D /* Frameworks */ = {
			isa = PBXGroup;
			children = (
				F59E5840E82945EBB2CC55A7 /* libPods-papertron.a */,
				616FCEC294634EA48B2F5240 /* libPods-papertronTests.a */,
				C0C8D225DEF64DAC98C78FF4 /* libPods-papertronToday.a */,
				4996C2F01A0119DA00EAD12F /* NotificationCenter.framework */,
				3A10A4BD2E0E44B087E5B2ED /* libPods-PapertronToday.a */,
			);
			name = Frameworks;
			sourceTree = "<group>";
		};
		B94F2DCF1A4B28FB00B88815 /* OBJC Libraries */ = {
			isa = PBXGroup;
			children = (
			);
			name = "OBJC Libraries";
			sourceTree = "<group>";
		};
		B980C0F019FE4D2A004D6FB9 = {
			isa = PBXGroup;
			children = (
				4996C2F21A0119DA00EAD12F /* PapertronToday */,
				B9449A6319FEED9F008E334D /* Frameworks */,
				B980C0FB19FE4D2A004D6FB9 /* papertron */,
				B980C11119FE4D2A004D6FB9 /* papertronTests */,
				B980C0FA19FE4D2A004D6FB9 /* Products */,
				4FAD84AFCBA7EF380A405BC0 /* Pods */,
			);
			sourceTree = "<group>";
		};
		B980C0FA19FE4D2A004D6FB9 /* Products */ = {
			isa = PBXGroup;
			children = (
				B980C0F919FE4D2A004D6FB9 /* papertron.app */,
				B980C10E19FE4D2A004D6FB9 /* papertronTests.xctest */,
				4996C2EF1A0119DA00EAD12F /* PapertronToday.appex */,
			);
			name = Products;
			sourceTree = "<group>";
		};
		B980C0FB19FE4D2A004D6FB9 /* papertron */ = {
			isa = PBXGroup;
			children = (
				B94F2DCF1A4B28FB00B88815 /* OBJC Libraries */,
				B980C0FE19FE4D2A004D6FB9 /* AppDelegate.swift */,
				B94F2DD51A4B29BD00B88815 /* parseData.plist */,
				B9EFA0DC1A4B3FA500AD53FE /* Views */,
				B980C10219FE4D2A004D6FB9 /* Main.storyboard */,
				B980C10519FE4D2A004D6FB9 /* Images.xcassets */,
				B980C10719FE4D2A004D6FB9 /* LaunchScreen.xib */,
				B980C0FC19FE4D2A004D6FB9 /* Supporting Files */,
				B99111CC19FEF36B00C734E0 /* papertron-Bridging-Header.h */,
			);
			path = papertron;
			sourceTree = "<group>";
		};
		B980C0FC19FE4D2A004D6FB9 /* Supporting Files */ = {
			isa = PBXGroup;
			children = (
				B980C0FD19FE4D2A004D6FB9 /* Info.plist */,
			);
			name = "Supporting Files";
			sourceTree = "<group>";
		};
		B980C11119FE4D2A004D6FB9 /* papertronTests */ = {
			isa = PBXGroup;
			children = (
				B980C11419FE4D2A004D6FB9 /* papertronTests.swift */,
				B980C11219FE4D2A004D6FB9 /* Supporting Files */,
			);
			path = papertronTests;
			sourceTree = "<group>";
		};
		B980C11219FE4D2A004D6FB9 /* Supporting Files */ = {
			isa = PBXGroup;
			children = (
				B980C11319FE4D2A004D6FB9 /* Info.plist */,
			);
			name = "Supporting Files";
			sourceTree = "<group>";
		};
		B9EFA0DC1A4B3FA500AD53FE /* Views */ = {
			isa = PBXGroup;
			children = (
				B9EFA0E51A4B90EB00AD53FE /* Registration | Login */,
				B9EFA0E71A4B913D00AD53FE /* User Views */,
				B9EFA0DD1A4B3FD500AD53FE /* UserCheckTabBarController.swift */,
				B9EFA0E81A4B916200AD53FE /* HomeStatusViewController.swift */,
				B9EFA0EA1A4B9E4200AD53FE /* PaperDetailsViewController.swift */,
			);
			name = Views;
			sourceTree = "<group>";
		};
		B9EFA0E51A4B90EB00AD53FE /* Registration | Login */ = {
			isa = PBXGroup;
			children = (
				B980C10019FE4D2A004D6FB9 /* ViewController.swift */,
			);
			name = "Registration | Login";
			sourceTree = "<group>";
		};
		B9EFA0E61A4B910E00AD53FE /* Paper submission */ = {
			isa = PBXGroup;
			children = (
				B9EFA0E31A4B832A00AD53FE /* newPaperViewController.swift */,
			);
			name = "Paper submission";
			sourceTree = "<group>";
		};
		B9EFA0E71A4B913D00AD53FE /* User Views */ = {
			isa = PBXGroup;
			children = (
				B9EFA0E11A4B693700AD53FE /* SettingsViewController.swift */,
				B9EFA0DF1A4B537000AD53FE /* UserViewController.swift */,
				B9EFA0E61A4B910E00AD53FE /* Paper submission */,
			);
			name = "User Views";
			sourceTree = "<group>";
		};
/* End PBXGroup section */

/* Begin PBXNativeTarget section */
		4996C2EE1A0119DA00EAD12F /* PapertronToday */ = {
			isa = PBXNativeTarget;
			buildConfigurationList = 4996C2FC1A0119DA00EAD12F /* Build configuration list for PBXNativeTarget "PapertronToday" */;
			buildPhases = (
				7D4C417BC4E14ECE8436F383 /* Check Pods Manifest.lock */,
				4996C2EB1A0119DA00EAD12F /* Sources */,
				4996C2EC1A0119DA00EAD12F /* Frameworks */,
				4996C2ED1A0119DA00EAD12F /* Resources */,
				3ADB662659A94849857E83A8 /* Copy Pods Resources */,
			);
			buildRules = (
			);
			dependencies = (
			);
			name = PapertronToday;
			productName = PapertronToday;
			productReference = 4996C2EF1A0119DA00EAD12F /* PapertronToday.appex */;
			productType = "com.apple.product-type.app-extension";
		};
		B980C0F819FE4D2A004D6FB9 /* papertron */ = {
			isa = PBXNativeTarget;
			buildConfigurationList = B980C11819FE4D2A004D6FB9 /* Build configuration list for PBXNativeTarget "papertron" */;
			buildPhases = (
				4082932A0A904845B6F737F4 /* Check Pods Manifest.lock */,
				B980C0F519FE4D2A004D6FB9 /* Sources */,
				B980C0F619FE4D2A004D6FB9 /* Frameworks */,
				B980C0F719FE4D2A004D6FB9 /* Resources */,
				49E773E819FFA7BA000171DA /* Embed App Extensions */,
				ABEB1E14C8224B27AC2E8BEC /* Copy Pods Resources */,
			);
			buildRules = (
			);
			dependencies = (
				4996C2FA1A0119DA00EAD12F /* PBXTargetDependency */,
			);
			name = papertron;
			productName = papertron;
			productReference = B980C0F919FE4D2A004D6FB9 /* papertron.app */;
			productType = "com.apple.product-type.application";
		};
		B980C10D19FE4D2A004D6FB9 /* papertronTests */ = {
			isa = PBXNativeTarget;
			buildConfigurationList = B980C11B19FE4D2A004D6FB9 /* Build configuration list for PBXNativeTarget "papertronTests" */;
			buildPhases = (
				124D94A75EFE45EAB5C13C66 /* Check Pods Manifest.lock */,
				B980C10A19FE4D2A004D6FB9 /* Sources */,
				B980C10B19FE4D2A004D6FB9 /* Frameworks */,
				B980C10C19FE4D2A004D6FB9 /* Resources */,
				A00191199BFA4B43AECD8B19 /* Copy Pods Resources */,
			);
			buildRules = (
			);
			dependencies = (
				B980C11019FE4D2A004D6FB9 /* PBXTargetDependency */,
			);
			name = papertronTests;
			productName = papertronTests;
			productReference = B980C10E19FE4D2A004D6FB9 /* papertronTests.xctest */;
			productType = "com.apple.product-type.bundle.unit-test";
		};
/* End PBXNativeTarget section */

/* Begin PBXProject section */
		B980C0F119FE4D2A004D6FB9 /* Project object */ = {
			isa = PBXProject;
			attributes = {
				LastUpgradeCheck = 0610;
				ORGANIZATIONNAME = Hackatron;
				TargetAttributes = {
					4996C2EE1A0119DA00EAD12F = {
						CreatedOnToolsVersion = 6.1;
						DevelopmentTeam = B82WJF6RBY;
					};
					B980C0F819FE4D2A004D6FB9 = {
						CreatedOnToolsVersion = 6.1;
						DevelopmentTeam = B82WJF6RBY;
					};
					B980C10D19FE4D2A004D6FB9 = {
						CreatedOnToolsVersion = 6.1;
						TestTargetID = B980C0F819FE4D2A004D6FB9;
					};
				};
			};
			buildConfigurationList = B980C0F419FE4D2A004D6FB9 /* Build configuration list for PBXProject "papertron" */;
			compatibilityVersion = "Xcode 3.2";
			developmentRegion = English;
			hasScannedForEncodings = 0;
			knownRegions = (
				en,
				Base,
			);
			mainGroup = B980C0F019FE4D2A004D6FB9;
			productRefGroup = B980C0FA19FE4D2A004D6FB9 /* Products */;
			projectDirPath = "";
			projectRoot = "";
			targets = (
				B980C0F819FE4D2A004D6FB9 /* papertron */,
				B980C10D19FE4D2A004D6FB9 /* papertronTests */,
				4996C2EE1A0119DA00EAD12F /* PapertronToday */,
			);
		};
/* End PBXProject section */

/* Begin PBXResourcesBuildPhase section */
		4996C2ED1A0119DA00EAD12F /* Resources */ = {
			isa = PBXResourcesBuildPhase;
			buildActionMask = 2147483647;
			files = (
				4996C2F81A0119DA00EAD12F /* MainInterface.storyboard in Resources */,
			);
			runOnlyForDeploymentPostprocessing = 0;
		};
		B980C0F719FE4D2A004D6FB9 /* Resources */ = {
			isa = PBXResourcesBuildPhase;
			buildActionMask = 2147483647;
			files = (
				B980C10419FE4D2A004D6FB9 /* Main.storyboard in Resources */,
				B980C10919FE4D2A004D6FB9 /* LaunchScreen.xib in Resources */,
				B94F2DD61A4B29BD00B88815 /* parseData.plist in Resources */,
				B980C10619FE4D2A004D6FB9 /* Images.xcassets in Resources */,
			);
			runOnlyForDeploymentPostprocessing = 0;
		};
		B980C10C19FE4D2A004D6FB9 /* Resources */ = {
			isa = PBXResourcesBuildPhase;
			buildActionMask = 2147483647;
			files = (
			);
			runOnlyForDeploymentPostprocessing = 0;
		};
/* End PBXResourcesBuildPhase section */

/* Begin PBXShellScriptBuildPhase section */
		124D94A75EFE45EAB5C13C66 /* Check Pods Manifest.lock */ = {
			isa = PBXShellScriptBuildPhase;
			buildActionMask = 2147483647;
			files = (
			);
			inputPaths = (
			);
			name = "Check Pods Manifest.lock";
			outputPaths = (
			);
			runOnlyForDeploymentPostprocessing = 0;
			shellPath = /bin/sh;
			shellScript = "diff \"${PODS_ROOT}/../Podfile.lock\" \"${PODS_ROOT}/Manifest.lock\" > /dev/null\nif [[ $? != 0 ]] ; then\n    cat << EOM\nerror: The sandbox is not in sync with the Podfile.lock. Run 'pod install' or update your CocoaPods installation.\nEOM\n    exit 1\nfi\n";
			showEnvVarsInLog = 0;
		};
		3ADB662659A94849857E83A8 /* Copy Pods Resources */ = {
			isa = PBXShellScriptBuildPhase;
			buildActionMask = 2147483647;
			files = (
			);
			inputPaths = (
			);
			name = "Copy Pods Resources";
			outputPaths = (
			);
			runOnlyForDeploymentPostprocessing = 0;
			shellPath = /bin/sh;
			shellScript = "\"${SRCROOT}/Pods/Target Support Files/Pods-PapertronToday/Pods-PapertronToday-resources.sh\"\n";
			showEnvVarsInLog = 0;
		};
		4082932A0A904845B6F737F4 /* Check Pods Manifest.lock */ = {
			isa = PBXShellScriptBuildPhase;
			buildActionMask = 2147483647;
			files = (
			);
			inputPaths = (
			);
			name = "Check Pods Manifest.lock";
			outputPaths = (
			);
			runOnlyForDeploymentPostprocessing = 0;
			shellPath = /bin/sh;
			shellScript = "diff \"${PODS_ROOT}/../Podfile.lock\" \"${PODS_ROOT}/Manifest.lock\" > /dev/null\nif [[ $? != 0 ]] ; then\n    cat << EOM\nerror: The sandbox is not in sync with the Podfile.lock. Run 'pod install' or update your CocoaPods installation.\nEOM\n    exit 1\nfi\n";
			showEnvVarsInLog = 0;
		};
		7D4C417BC4E14ECE8436F383 /* Check Pods Manifest.lock */ = {
			isa = PBXShellScriptBuildPhase;
			buildActionMask = 2147483647;
			files = (
			);
			inputPaths = (
			);
			name = "Check Pods Manifest.lock";
			outputPaths = (
			);
			runOnlyForDeploymentPostprocessing = 0;
			shellPath = /bin/sh;
			shellScript = "diff \"${PODS_ROOT}/../Podfile.lock\" \"${PODS_ROOT}/Manifest.lock\" > /dev/null\nif [[ $? != 0 ]] ; then\n    cat << EOM\nerror: The sandbox is not in sync with the Podfile.lock. Run 'pod install' or update your CocoaPods installation.\nEOM\n    exit 1\nfi\n";
			showEnvVarsInLog = 0;
		};
		A00191199BFA4B43AECD8B19 /* Copy Pods Resources */ = {
			isa = PBXShellScriptBuildPhase;
			buildActionMask = 2147483647;
			files = (
			);
			inputPaths = (
			);
			name = "Copy Pods Resources";
			outputPaths = (
			);
			runOnlyForDeploymentPostprocessing = 0;
			shellPath = /bin/sh;
			shellScript = "\"${SRCROOT}/Pods/Target Support Files/Pods-papertronTests/Pods-papertronTests-resources.sh\"\n";
			showEnvVarsInLog = 0;
		};
		ABEB1E14C8224B27AC2E8BEC /* Copy Pods Resources */ = {
			isa = PBXShellScriptBuildPhase;
			buildActionMask = 2147483647;
			files = (
			);
			inputPaths = (
			);
			name = "Copy Pods Resources";
			outputPaths = (
			);
			runOnlyForDeploymentPostprocessing = 0;
			shellPath = /bin/sh;
			shellScript = "\"${SRCROOT}/Pods/Target Support Files/Pods-papertron/Pods-papertron-resources.sh\"\n";
			showEnvVarsInLog = 0;
		};
/* End PBXShellScriptBuildPhase section */

/* Begin PBXSourcesBuildPhase section */
		4996C2EB1A0119DA00EAD12F /* Sources */ = {
			isa = PBXSourcesBuildPhase;
			buildActionMask = 2147483647;
			files = (
				4996C2F61A0119DA00EAD12F /* TodayViewController.swift in Sources */,
			);
			runOnlyForDeploymentPostprocessing = 0;
		};
		B980C0F519FE4D2A004D6FB9 /* Sources */ = {
			isa = PBXSourcesBuildPhase;
			buildActionMask = 2147483647;
			files = (
				B9EFA0EB1A4B9E4300AD53FE /* PaperDetailsViewController.swift in Sources */,
				B9EFA0E41A4B832A00AD53FE /* newPaperViewController.swift in Sources */,
				B980C10119FE4D2A004D6FB9 /* ViewController.swift in Sources */,
				B9EFA0E01A4B537000AD53FE /* UserViewController.swift in Sources */,
				B9EFA0DE1A4B3FD500AD53FE /* UserCheckTabBarController.swift in Sources */,
				B9EFA0E21A4B693700AD53FE /* SettingsViewController.swift in Sources */,
				B980C0FF19FE4D2A004D6FB9 /* AppDelegate.swift in Sources */,
				B9EFA0E91A4B916200AD53FE /* HomeStatusViewController.swift in Sources */,
			);
			runOnlyForDeploymentPostprocessing = 0;
		};
		B980C10A19FE4D2A004D6FB9 /* Sources */ = {
			isa = PBXSourcesBuildPhase;
			buildActionMask = 2147483647;
			files = (
				B980C11519FE4D2A004D6FB9 /* papertronTests.swift in Sources */,
			);
			runOnlyForDeploymentPostprocessing = 0;
		};
/* End PBXSourcesBuildPhase section */

/* Begin PBXTargetDependency section */
		4996C2FA1A0119DA00EAD12F /* PBXTargetDependency */ = {
			isa = PBXTargetDependency;
			target = 4996C2EE1A0119DA00EAD12F /* PapertronToday */;
			targetProxy = 4996C2F91A0119DA00EAD12F /* PBXContainerItemProxy */;
		};
		B980C11019FE4D2A004D6FB9 /* PBXTargetDependency */ = {
			isa = PBXTargetDependency;
			target = B980C0F819FE4D2A004D6FB9 /* papertron */;
			targetProxy = B980C10F19FE4D2A004D6FB9 /* PBXContainerItemProxy */;
		};
/* End PBXTargetDependency section */

/* Begin PBXVariantGroup section */
		B980C10219FE4D2A004D6FB9 /* Main.storyboard */ = {
			isa = PBXVariantGroup;
			children = (
				B980C10319FE4D2A004D6FB9 /* Base */,
			);
			name = Main.storyboard;
			sourceTree = "<group>";
		};
		B980C10719FE4D2A004D6FB9 /* LaunchScreen.xib */ = {
			isa = PBXVariantGroup;
			children = (
				B980C10819FE4D2A004D6FB9 /* Base */,
			);
			name = LaunchScreen.xib;
			sourceTree = "<group>";
		};
/* End PBXVariantGroup section */

/* Begin XCBuildConfiguration section */
		4996C2FD1A0119DA00EAD12F /* Debug */ = {
			isa = XCBuildConfiguration;
			baseConfigurationReference = 8B145D2B408AB329FABB661D /* Pods-PapertronToday.debug.xcconfig */;
			buildSettings = {
				CODE_SIGN_IDENTITY = "iPhone Developer: Matteo Comisso (S7YH5DL2AY)";
				GCC_PREPROCESSOR_DEFINITIONS = (
					"DEBUG=1",
					"$(inherited)",
				);
				INFOPLIST_FILE = PapertronToday/Info.plist;
				LD_RUNPATH_SEARCH_PATHS = "$(inherited) @executable_path/Frameworks @executable_path/../../Frameworks";
				PRODUCT_NAME = "$(TARGET_NAME)";
				SKIP_INSTALL = YES;
			};
			name = Debug;
		};
		4996C2FE1A0119DA00EAD12F /* Release */ = {
			isa = XCBuildConfiguration;
			baseConfigurationReference = 8D01200CFAE663EABE86216B /* Pods-PapertronToday.release.xcconfig */;
			buildSettings = {
				CODE_SIGN_IDENTITY = "iPhone Developer";
				INFOPLIST_FILE = PapertronToday/Info.plist;
				LD_RUNPATH_SEARCH_PATHS = "$(inherited) @executable_path/Frameworks @executable_path/../../Frameworks";
				PRODUCT_NAME = "$(TARGET_NAME)";
				SKIP_INSTALL = YES;
			};
			name = Release;
		};
		B980C11619FE4D2A004D6FB9 /* Debug */ = {
			isa = XCBuildConfiguration;
			buildSettings = {
				ALWAYS_SEARCH_USER_PATHS = NO;
				CLANG_CXX_LANGUAGE_STANDARD = "gnu++0x";
				CLANG_CXX_LIBRARY = "libc++";
				CLANG_ENABLE_MODULES = YES;
				CLANG_ENABLE_OBJC_ARC = YES;
				CLANG_WARN_BOOL_CONVERSION = YES;
				CLANG_WARN_CONSTANT_CONVERSION = YES;
				CLANG_WARN_DIRECT_OBJC_ISA_USAGE = YES_ERROR;
				CLANG_WARN_EMPTY_BODY = YES;
				CLANG_WARN_ENUM_CONVERSION = YES;
				CLANG_WARN_INT_CONVERSION = YES;
				CLANG_WARN_OBJC_ROOT_CLASS = YES_ERROR;
				CLANG_WARN_UNREACHABLE_CODE = YES;
				CLANG_WARN__DUPLICATE_METHOD_MATCH = YES;
				"CODE_SIGN_IDENTITY[sdk=iphoneos*]" = "iPhone Developer";
				COPY_PHASE_STRIP = NO;
				ENABLE_STRICT_OBJC_MSGSEND = YES;
				GCC_C_LANGUAGE_STANDARD = gnu99;
				GCC_DYNAMIC_NO_PIC = NO;
				GCC_OPTIMIZATION_LEVEL = 0;
				GCC_PREPROCESSOR_DEFINITIONS = (
					"DEBUG=1",
					"$(inherited)",
				);
				GCC_SYMBOLS_PRIVATE_EXTERN = NO;
				GCC_WARN_64_TO_32_BIT_CONVERSION = YES;
				GCC_WARN_ABOUT_RETURN_TYPE = YES_ERROR;
				GCC_WARN_UNDECLARED_SELECTOR = YES;
				GCC_WARN_UNINITIALIZED_AUTOS = YES_AGGRESSIVE;
				GCC_WARN_UNUSED_FUNCTION = YES;
				GCC_WARN_UNUSED_VARIABLE = YES;
				IPHONEOS_DEPLOYMENT_TARGET = 8.1;
				MTL_ENABLE_DEBUG_INFO = YES;
				ONLY_ACTIVE_ARCH = YES;
				SDKROOT = iphoneos;
				SWIFT_OPTIMIZATION_LEVEL = "-Onone";
			};
			name = Debug;
		};
		B980C11719FE4D2A004D6FB9 /* Release */ = {
			isa = XCBuildConfiguration;
			buildSettings = {
				ALWAYS_SEARCH_USER_PATHS = NO;
				CLANG_CXX_LANGUAGE_STANDARD = "gnu++0x";
				CLANG_CXX_LIBRARY = "libc++";
				CLANG_ENABLE_MODULES = YES;
				CLANG_ENABLE_OBJC_ARC = YES;
				CLANG_WARN_BOOL_CONVERSION = YES;
				CLANG_WARN_CONSTANT_CONVERSION = YES;
				CLANG_WARN_DIRECT_OBJC_ISA_USAGE = YES_ERROR;
				CLANG_WARN_EMPTY_BODY = YES;
				CLANG_WARN_ENUM_CONVERSION = YES;
				CLANG_WARN_INT_CONVERSION = YES;
				CLANG_WARN_OBJC_ROOT_CLASS = YES_ERROR;
				CLANG_WARN_UNREACHABLE_CODE = YES;
				CLANG_WARN__DUPLICATE_METHOD_MATCH = YES;
				"CODE_SIGN_IDENTITY[sdk=iphoneos*]" = "iPhone Developer";
				COPY_PHASE_STRIP = YES;
				ENABLE_NS_ASSERTIONS = NO;
				ENABLE_STRICT_OBJC_MSGSEND = YES;
				GCC_C_LANGUAGE_STANDARD = gnu99;
				GCC_WARN_64_TO_32_BIT_CONVERSION = YES;
				GCC_WARN_ABOUT_RETURN_TYPE = YES_ERROR;
				GCC_WARN_UNDECLARED_SELECTOR = YES;
				GCC_WARN_UNINITIALIZED_AUTOS = YES_AGGRESSIVE;
				GCC_WARN_UNUSED_FUNCTION = YES;
				GCC_WARN_UNUSED_VARIABLE = YES;
				IPHONEOS_DEPLOYMENT_TARGET = 8.1;
				MTL_ENABLE_DEBUG_INFO = NO;
				SDKROOT = iphoneos;
				VALIDATE_PRODUCT = YES;
			};
			name = Release;
		};
		B980C11919FE4D2A004D6FB9 /* Debug */ = {
			isa = XCBuildConfiguration;
			baseConfigurationReference = 2BAE759907240054CD144355 /* Pods-papertron.debug.xcconfig */;
			buildSettings = {
				ASSETCATALOG_COMPILER_APPICON_NAME = AppIcon;
				CLANG_ENABLE_MODULES = YES;
				CODE_SIGN_IDENTITY = "iPhone Developer: Matteo Comisso (S7YH5DL2AY)";
				EMBEDDED_CONTENT_CONTAINS_SWIFT = YES;
				FRAMEWORK_SEARCH_PATHS = (
					"$(inherited)",
					"$(PROJECT_DIR)",
				);
				INFOPLIST_FILE = papertron/Info.plist;
				LD_RUNPATH_SEARCH_PATHS = "$(inherited) @executable_path/Frameworks";
				PRODUCT_NAME = "$(TARGET_NAME)";
				PROVISIONING_PROFILE = "8e5ceb35-88b0-4ecd-9661-bc4f0a0fc1b1";
				SWIFT_OBJC_BRIDGING_HEADER = "papertron/papertron-Bridging-Header.h";
				SWIFT_OPTIMIZATION_LEVEL = "-Onone";
			};
			name = Debug;
		};
		B980C11A19FE4D2A004D6FB9 /* Release */ = {
			isa = XCBuildConfiguration;
			baseConfigurationReference = A2D3511E3CD816ED428B84EF /* Pods-papertron.release.xcconfig */;
			buildSettings = {
				ASSETCATALOG_COMPILER_APPICON_NAME = AppIcon;
				CLANG_ENABLE_MODULES = YES;
				CODE_SIGN_IDENTITY = "iPhone Developer";
				EMBEDDED_CONTENT_CONTAINS_SWIFT = YES;
				FRAMEWORK_SEARCH_PATHS = (
					"$(inherited)",
					"$(PROJECT_DIR)",
				);
				INFOPLIST_FILE = papertron/Info.plist;
				LD_RUNPATH_SEARCH_PATHS = "$(inherited) @executable_path/Frameworks";
				PRODUCT_NAME = "$(TARGET_NAME)";
				PROVISIONING_PROFILE = "8e5ceb35-88b0-4ecd-9661-bc4f0a0fc1b1";
				SWIFT_OBJC_BRIDGING_HEADER = "papertron/papertron-Bridging-Header.h";
			};
			name = Release;
		};
		B980C11C19FE4D2A004D6FB9 /* Debug */ = {
			isa = XCBuildConfiguration;
			baseConfigurationReference = 1477BABBF01614706C0F8048 /* Pods-papertronTests.debug.xcconfig */;
			buildSettings = {
				BUNDLE_LOADER = "$(TEST_HOST)";
				FRAMEWORK_SEARCH_PATHS = (
					"$(SDKROOT)/Developer/Library/Frameworks",
					"$(inherited)",
				);
				GCC_PREPROCESSOR_DEFINITIONS = (
					"DEBUG=1",
					"$(inherited)",
				);
				INFOPLIST_FILE = papertronTests/Info.plist;
				LD_RUNPATH_SEARCH_PATHS = "$(inherited) @executable_path/Frameworks @loader_path/Frameworks";
				PRODUCT_NAME = "$(TARGET_NAME)";
				TEST_HOST = "$(BUILT_PRODUCTS_DIR)/papertron.app/papertron";
			};
			name = Debug;
		};
		B980C11D19FE4D2A004D6FB9 /* Release */ = {
			isa = XCBuildConfiguration;
			baseConfigurationReference = 2D6CAD125F45795987252D1E /* Pods-papertronTests.release.xcconfig */;
			buildSettings = {
				BUNDLE_LOADER = "$(TEST_HOST)";
				FRAMEWORK_SEARCH_PATHS = (
					"$(SDKROOT)/Developer/Library/Frameworks",
					"$(inherited)",
				);
				INFOPLIST_FILE = papertronTests/Info.plist;
				LD_RUNPATH_SEARCH_PATHS = "$(inherited) @executable_path/Frameworks @loader_path/Frameworks";
				PRODUCT_NAME = "$(TARGET_NAME)";
				TEST_HOST = "$(BUILT_PRODUCTS_DIR)/papertron.app/papertron";
			};
			name = Release;
		};
/* End XCBuildConfiguration section */

/* Begin XCConfigurationList section */
		4996C2FC1A0119DA00EAD12F /* Build configuration list for PBXNativeTarget "PapertronToday" */ = {
			isa = XCConfigurationList;
			buildConfigurations = (
				4996C2FD1A0119DA00EAD12F /* Debug */,
				4996C2FE1A0119DA00EAD12F /* Release */,
			);
			defaultConfigurationIsVisible = 0;
			defaultConfigurationName = Release;
		};
		B980C0F419FE4D2A004D6FB9 /* Build configuration list for PBXProject "papertron" */ = {
			isa = XCConfigurationList;
			buildConfigurations = (
				B980C11619FE4D2A004D6FB9 /* Debug */,
				B980C11719FE4D2A004D6FB9 /* Release */,
			);
			defaultConfigurationIsVisible = 0;
			defaultConfigurationName = Release;
		};
		B980C11819FE4D2A004D6FB9 /* Build configuration list for PBXNativeTarget "papertron" */ = {
			isa = XCConfigurationList;
			buildConfigurations = (
				B980C11919FE4D2A004D6FB9 /* Debug */,
				B980C11A19FE4D2A004D6FB9 /* Release */,
			);
			defaultConfigurationIsVisible = 0;
			defaultConfigurationName = Release;
		};
		B980C11B19FE4D2A004D6FB9 /* Build configuration list for PBXNativeTarget "papertronTests" */ = {
			isa = XCConfigurationList;
			buildConfigurations = (
				B980C11C19FE4D2A004D6FB9 /* Debug */,
				B980C11D19FE4D2A004D6FB9 /* Release */,
			);
			defaultConfigurationIsVisible = 0;
			defaultConfigurationName = Release;
		};
/* End XCConfigurationList section */
	};
	rootObject = B980C0F119FE4D2A004D6FB9 /* Project object */;
}
